
Microsoft Visual Studio Solution File, Format Version 12.00
# Visual Studio Version 16
VisualStudioVersion = 16.0.31313.79
MinimumVisualStudioVersion = 10.0.40219.1
Project("{FAE04EC0-301F-11D3-BF4B-00C04F79EFBC}") = "DiscoBackend", "DiscoBackend\DiscoBackend.csproj", "{6558AB8A-208C-4C4C-AB96-478AE9276DAD}"
EndProject
Global
	GlobalSection(SolutionConfigurationPlatforms) = preSolution
		Debug|Any CPU = Debug|Any CPU
		Release|Any CPU = Release|Any CPU
	EndGlobalSection
	GlobalSection(ProjectConfigurationPlatforms) = postSolution
		{6558AB8A-208C-4C4C-AB96-478AE9276DAD}.Debug|Any CPU.ActiveCfg = Debug|Any CPU
		{6558AB8A-208C-4C4C-AB96-478AE9276DAD}.Debug|Any CPU.Build.0 = Debug|Any CPU
		{6558AB8A-208C-4C4C-AB96-478AE9276DAD}.Release|Any CPU.ActiveCfg = Release|Any CPU
		{6558AB8A-208C-4C4C-AB96-478AE9276DAD}.Release|Any CPU.Build.0 = Release|Any CPU
	EndGlobalSection
	GlobalSection(SolutionProperties) = preSolution
		HideSolutionNode = FALSE
	EndGlobalSection
	GlobalSection(ExtensibilityGlobals) = postSolution
		SolutionGuid = {BE75BFDE-463E-40FF-8997-3D43544F75C7}
	EndGlobalSection
EndGlobal
