// !$*UTF8*$!
{
	archiveVersion = 1;
	classes = {
	};
	objectVersion = 50;
	objects = {

/* Begin PBXBuildFile section */
		158A4A662684763100D8C13B /* AppDelegate.swift in Sources */ = {isa = PBXBuildFile; fileRef = 158A4A652684763100D8C13B /* AppDelegate.swift */; };
		158A4A682684763100D8C13B /* SceneDelegate.swift in Sources */ = {isa = PBXBuildFile; fileRef = 158A4A672684763100D8C13B /* SceneDelegate.swift */; };
		158A4A6A2684763100D8C13B /* ViewController.swift in Sources */ = {isa = PBXBuildFile; fileRef = 158A4A692684763100D8C13B /* ViewController.swift */; };
		158A4A6D2684763100D8C13B /* Main.storyboard in Resources */ = {isa = PBXBuildFile; fileRef = 158A4A6B2684763100D8C13B /* Main.storyboard */; };
		158A4A6F2684763200D8C13B /* Assets.xcassets in Resources */ = {isa = PBXBuildFile; fileRef = 158A4A6E2684763200D8C13B /* Assets.xcassets */; };
		158A4A722684763200D8C13B /* LaunchScreen.storyboard in Resources */ = {isa = PBXBuildFile; fileRef = 158A4A702684763200D8C13B /* LaunchScreen.storyboard */; };
		158A4A7A26847EC000D8C13B /* MapViewController.swift in Sources */ = {isa = PBXBuildFile; fileRef = 158A4A7926847EC000D8C13B /* MapViewController.swift */; };
		2C1282A02684AFDA004E87AA /* ScoreboardViewController.swift in Sources */ = {isa = PBXBuildFile; fileRef = 2C12829F2684AFDA004E87AA /* ScoreboardViewController.swift */; };
		DE4F79C726866F5400AF0C7B /* Course.swift in Sources */ = {isa = PBXBuildFile; fileRef = DE4F79C626866F5400AF0C7B /* Course.swift */; };
		DE4F79C926866FAB00AF0C7B /* CGRect+Extensions.swift in Sources */ = {isa = PBXBuildFile; fileRef = DE4F79C826866FAB00AF0C7B /* CGRect+Extensions.swift */; };
/* End PBXBuildFile section */

/* Begin PBXFileReference section */
		158A4A622684763100D8C13B /* Disco.app */ = {isa = PBXFileReference; explicitFileType = wrapper.application; includeInIndex = 0; path = Disco.app; sourceTree = BUILT_PRODUCTS_DIR; };
		158A4A652684763100D8C13B /* AppDelegate.swift */ = {isa = PBXFileReference; lastKnownFileType = sourcecode.swift; path = AppDelegate.swift; sourceTree = "<group>"; };
		158A4A672684763100D8C13B /* SceneDelegate.swift */ = {isa = PBXFileReference; lastKnownFileType = sourcecode.swift; path = SceneDelegate.swift; sourceTree = "<group>"; };
		158A4A692684763100D8C13B /* ViewController.swift */ = {isa = PBXFileReference; lastKnownFileType = sourcecode.swift; path = ViewController.swift; sourceTree = "<group>"; };
		158A4A6C2684763100D8C13B /* Base */ = {isa = PBXFileReference; lastKnownFileType = file.storyboard; name = Base; path = Base.lproj/Main.storyboard; sourceTree = "<group>"; };
		158A4A6E2684763200D8C13B /* Assets.xcassets */ = {isa = PBXFileReference; lastKnownFileType = folder.assetcatalog; path = Assets.xcassets; sourceTree = "<group>"; };
		158A4A712684763200D8C13B /* Base */ = {isa = PBXFileReference; lastKnownFileType = file.storyboard; name = Base; path = Base.lproj/LaunchScreen.storyboard; sourceTree = "<group>"; };
		158A4A732684763200D8C13B /* Info.plist */ = {isa = PBXFileReference; lastKnownFileType = text.plist.xml; path = Info.plist; sourceTree = "<group>"; };
		158A4A7926847EC000D8C13B /* MapViewController.swift */ = {isa = PBXFileReference; lastKnownFileType = sourcecode.swift; path = MapViewController.swift; sourceTree = "<group>"; };
		2C12829F2684AFDA004E87AA /* ScoreboardViewController.swift */ = {isa = PBXFileReference; lastKnownFileType = sourcecode.swift; path = ScoreboardViewController.swift; sourceTree = "<group>"; };
		2C42A7FE2684836F00561026 /* DiscoDebug.entitlements */ = {isa = PBXFileReference; lastKnownFileType = text.plist.entitlements; path = DiscoDebug.entitlements; sourceTree = "<group>"; };
		DE4F79C626866F5400AF0C7B /* Course.swift */ = {isa = PBXFileReference; lastKnownFileType = sourcecode.swift; path = Course.swift; sourceTree = "<group>"; };
		DE4F79C826866FAB00AF0C7B /* CGRect+Extensions.swift */ = {isa = PBXFileReference; lastKnownFileType = sourcecode.swift; path = "CGRect+Extensions.swift"; sourceTree = "<group>"; };
/* End PBXFileReference section */

/* Begin PBXFrameworksBuildPhase section */
		158A4A5F2684763100D8C13B /* Frameworks */ = {
			isa = PBXFrameworksBuildPhase;
			buildActionMask = 2147483647;
			files = (
			);
			runOnlyForDeploymentPostprocessing = 0;
		};
/* End PBXFrameworksBuildPhase section */

/* Begin PBXGroup section */
		158A4A592684763100D8C13B = {
			isa = PBXGroup;
			children = (
				158A4A642684763100D8C13B /* Disco */,
				158A4A632684763100D8C13B /* Products */,
			);
			sourceTree = "<group>";
		};
		158A4A632684763100D8C13B /* Products */ = {
			isa = PBXGroup;
			children = (
				158A4A622684763100D8C13B /* Disco.app */,
			);
			name = Products;
			sourceTree = "<group>";
		};
		158A4A642684763100D8C13B /* Disco */ = {
			isa = PBXGroup;
			children = (
				2C42A7FE2684836F00561026 /* DiscoDebug.entitlements */,
				158A4A652684763100D8C13B /* AppDelegate.swift */,
				158A4A672684763100D8C13B /* SceneDelegate.swift */,
				158A4A692684763100D8C13B /* ViewController.swift */,
				158A4A6B2684763100D8C13B /* Main.storyboard */,
				158A4A7926847EC000D8C13B /* MapViewController.swift */,
				DE4F79C626866F5400AF0C7B /* Course.swift */,
				DE4F79C826866FAB00AF0C7B /* CGRect+Extensions.swift */,
				158A4A6E2684763200D8C13B /* Assets.xcassets */,
				158A4A702684763200D8C13B /* LaunchScreen.storyboard */,
				158A4A732684763200D8C13B /* Info.plist */,
				2C12829F2684AFDA004E87AA /* ScoreboardViewController.swift */,
			);
			path = Disco;
			sourceTree = "<group>";
		};
/* End PBXGroup section */

/* Begin PBXNativeTarget section */
		158A4A612684763100D8C13B /* Disco */ = {
			isa = PBXNativeTarget;
			buildConfigurationList = 158A4A762684763200D8C13B /* Build configuration list for PBXNativeTarget "Disco" */;
			buildPhases = (
				158A4A5E2684763100D8C13B /* Sources */,
				158A4A5F2684763100D8C13B /* Frameworks */,
				158A4A602684763100D8C13B /* Resources */,
			);
			buildRules = (
			);
			dependencies = (
			);
			name = Disco;
			productName = Disco;
			productReference = 158A4A622684763100D8C13B /* Disco.app */;
			productType = "com.apple.product-type.application";
		};
/* End PBXNativeTarget section */

/* Begin PBXProject section */
		158A4A5A2684763100D8C13B /* Project object */ = {
			isa = PBXProject;
			attributes = {
				LastSwiftUpdateCheck = 1250;
				LastUpgradeCheck = 1250;
				TargetAttributes = {
					158A4A612684763100D8C13B = {
						CreatedOnToolsVersion = 12.5.1;
					};
				};
			};
			buildConfigurationList = 158A4A5D2684763100D8C13B /* Build configuration list for PBXProject "Disco" */;
			compatibilityVersion = "Xcode 9.3";
			developmentRegion = en;
			hasScannedForEncodings = 0;
			knownRegions = (
				en,
				Base,
			);
			mainGroup = 158A4A592684763100D8C13B;
			productRefGroup = 158A4A632684763100D8C13B /* Products */;
			projectDirPath = "";
			projectRoot = "";
			targets = (
				158A4A612684763100D8C13B /* Disco */,
			);
		};
/* End PBXProject section */

/* Begin PBXResourcesBuildPhase section */
		158A4A602684763100D8C13B /* Resources */ = {
			isa = PBXResourcesBuildPhase;
			buildActionMask = 2147483647;
			files = (
				158A4A722684763200D8C13B /* LaunchScreen.storyboard in Resources */,
				158A4A6F2684763200D8C13B /* Assets.xcassets in Resources */,
				158A4A6D2684763100D8C13B /* Main.storyboard in Resources */,
			);
			runOnlyForDeploymentPostprocessing = 0;
		};
/* End PBXResourcesBuildPhase section */

/* Begin PBXSourcesBuildPhase section */
		158A4A5E2684763100D8C13B /* Sources */ = {
			isa = PBXSourcesBuildPhase;
			buildActionMask = 2147483647;
			files = (
				DE4F79C726866F5400AF0C7B /* Course.swift in Sources */,
				158A4A6A2684763100D8C13B /* ViewController.swift in Sources */,
				158A4A662684763100D8C13B /* AppDelegate.swift in Sources */,
				158A4A682684763100D8C13B /* SceneDelegate.swift in Sources */,
				DE4F79C926866FAB00AF0C7B /* CGRect+Extensions.swift in Sources */,
				158A4A7A26847EC000D8C13B /* MapViewController.swift in Sources */,
				2C1282A02684AFDA004E87AA /* ScoreboardViewController.swift in Sources */,
			);
			runOnlyForDeploymentPostprocessing = 0;
		};
/* End PBXSourcesBuildPhase section */

/* Begin PBXVariantGroup section */
		158A4A6B2684763100D8C13B /* Main.storyboard */ = {
			isa = PBXVariantGroup;
			children = (
				158A4A6C2684763100D8C13B /* Base */,
			);
			name = Main.storyboard;
			sourceTree = "<group>";
		};
		158A4A702684763200D8C13B /* LaunchScreen.storyboard */ = {
			isa = PBXVariantGroup;
			children = (
				158A4A712684763200D8C13B /* Base */,
			);
			name = LaunchScreen.storyboard;
			sourceTree = "<group>";
		};
/* End PBXVariantGroup section */

/* Begin XCBuildConfiguration section */
		158A4A742684763200D8C13B /* Debug */ = {
			isa = XCBuildConfiguration;
			buildSettings = {
				ALWAYS_SEARCH_USER_PATHS = NO;
				CLANG_ANALYZER_NONNULL = YES;
				CLANG_ANALYZER_NUMBER_OBJECT_CONVERSION = YES_AGGRESSIVE;
				CLANG_CXX_LANGUAGE_STANDARD = "gnu++14";
				CLANG_CXX_LIBRARY = "libc++";
				CLANG_ENABLE_MODULES = YES;
				CLANG_ENABLE_OBJC_ARC = YES;
				CLANG_ENABLE_OBJC_WEAK = YES;
				CLANG_WARN_BLOCK_CAPTURE_AUTORELEASING = YES;
				CLANG_WARN_BOOL_CONVERSION = YES;
				CLANG_WARN_COMMA = YES;
				CLANG_WARN_CONSTANT_CONVERSION = YES;
				CLANG_WARN_DEPRECATED_OBJC_IMPLEMENTATIONS = YES;
				CLANG_WARN_DIRECT_OBJC_ISA_USAGE = YES_ERROR;
				CLANG_WARN_DOCUMENTATION_COMMENTS = YES;
				CLANG_WARN_EMPTY_BODY = YES;
				CLANG_WARN_ENUM_CONVERSION = YES;
				CLANG_WARN_INFINITE_RECURSION = YES;
				CLANG_WARN_INT_CONVERSION = YES;
				CLANG_WARN_NON_LITERAL_NULL_CONVERSION = YES;
				CLANG_WARN_OBJC_IMPLICIT_RETAIN_SELF = YES;
				CLANG_WARN_OBJC_LITERAL_CONVERSION = YES;
				CLANG_WARN_OBJC_ROOT_CLASS = YES_ERROR;
				CLANG_WARN_QUOTED_INCLUDE_IN_FRAMEWORK_HEADER = YES;
				CLANG_WARN_RANGE_LOOP_ANALYSIS = YES;
				CLANG_WARN_STRICT_PROTOTYPES = YES;
				CLANG_WARN_SUSPICIOUS_MOVE = YES;
				CLANG_WARN_UNGUARDED_AVAILABILITY = YES_AGGRESSIVE;
				CLANG_WARN_UNREACHABLE_CODE = YES;
				CLANG_WARN__DUPLICATE_METHOD_MATCH = YES;
				COPY_PHASE_STRIP = NO;
				DEBUG_INFORMATION_FORMAT = dwarf;
				ENABLE_STRICT_OBJC_MSGSEND = YES;
				ENABLE_TESTABILITY = YES;
				GCC_C_LANGUAGE_STANDARD = gnu11;
				GCC_DYNAMIC_NO_PIC = NO;
				GCC_NO_COMMON_BLOCKS = YES;
				GCC_OPTIMIZATION_LEVEL = 0;
				GCC_PREPROCESSOR_DEFINITIONS = (
					"DEBUG=1",
					"$(inherited)",
				);
				GCC_WARN_64_TO_32_BIT_CONVERSION = YES;
				GCC_WARN_ABOUT_RETURN_TYPE = YES_ERROR;
				GCC_WARN_UNDECLARED_SELECTOR = YES;
				GCC_WARN_UNINITIALIZED_AUTOS = YES_AGGRESSIVE;
				GCC_WARN_UNUSED_FUNCTION = YES;
				GCC_WARN_UNUSED_VARIABLE = YES;
				IPHONEOS_DEPLOYMENT_TARGET = 14.5;
				MTL_ENABLE_DEBUG_INFO = INCLUDE_SOURCE;
				MTL_FAST_MATH = YES;
				ONLY_ACTIVE_ARCH = YES;
				SDKROOT = iphoneos;
				SWIFT_ACTIVE_COMPILATION_CONDITIONS = DEBUG;
				SWIFT_OPTIMIZATION_LEVEL = "-Onone";
			};
			name = Debug;
		};
		158A4A752684763200D8C13B /* Release */ = {
			isa = XCBuildConfiguration;
			buildSettings = {
				ALWAYS_SEARCH_USER_PATHS = NO;
				CLANG_ANALYZER_NONNULL = YES;
				CLANG_ANALYZER_NUMBER_OBJECT_CONVERSION = YES_AGGRESSIVE;
				CLANG_CXX_LANGUAGE_STANDARD = "gnu++14";
				CLANG_CXX_LIBRARY = "libc++";
				CLANG_ENABLE_MODULES = YES;
				CLANG_ENABLE_OBJC_ARC = YES;
				CLANG_ENABLE_OBJC_WEAK = YES;
				CLANG_WARN_BLOCK_CAPTURE_AUTORELEASING = YES;
				CLANG_WARN_BOOL_CONVERSION = YES;
				CLANG_WARN_COMMA = YES;
				CLANG_WARN_CONSTANT_CONVERSION = YES;
				CLANG_WARN_DEPRECATED_OBJC_IMPLEMENTATIONS = YES;
				CLANG_WARN_DIRECT_OBJC_ISA_USAGE = YES_ERROR;
				CLANG_WARN_DOCUMENTATION_COMMENTS = YES;
				CLANG_WARN_EMPTY_BODY = YES;
				CLANG_WARN_ENUM_CONVERSION = YES;
				CLANG_WARN_INFINITE_RECURSION = YES;
				CLANG_WARN_INT_CONVERSION = YES;
				CLANG_WARN_NON_LITERAL_NULL_CONVERSION = YES;
				CLANG_WARN_OBJC_IMPLICIT_RETAIN_SELF = YES;
				CLANG_WARN_OBJC_LITERAL_CONVERSION = YES;
				CLANG_WARN_OBJC_ROOT_CLASS = YES_ERROR;
				CLANG_WARN_QUOTED_INCLUDE_IN_FRAMEWORK_HEADER = YES;
				CLANG_WARN_RANGE_LOOP_ANALYSIS = YES;
				CLANG_WARN_STRICT_PROTOTYPES = YES;
				CLANG_WARN_SUSPICIOUS_MOVE = YES;
				CLANG_WARN_UNGUARDED_AVAILABILITY = YES_AGGRESSIVE;
				CLANG_WARN_UNREACHABLE_CODE = YES;
				CLANG_WARN__DUPLICATE_METHOD_MATCH = YES;
				COPY_PHASE_STRIP = NO;
				DEBUG_INFORMATION_FORMAT = "dwarf-with-dsym";
				ENABLE_NS_ASSERTIONS = NO;
				ENABLE_STRICT_OBJC_MSGSEND = YES;
				GCC_C_LANGUAGE_STANDARD = gnu11;
				GCC_NO_COMMON_BLOCKS = YES;
				GCC_WARN_64_TO_32_BIT_CONVERSION = YES;
				GCC_WARN_ABOUT_RETURN_TYPE = YES_ERROR;
				GCC_WARN_UNDECLARED_SELECTOR = YES;
				GCC_WARN_UNINITIALIZED_AUTOS = YES_AGGRESSIVE;
				GCC_WARN_UNUSED_FUNCTION = YES;
				GCC_WARN_UNUSED_VARIABLE = YES;
				IPHONEOS_DEPLOYMENT_TARGET = 14.5;
				MTL_ENABLE_DEBUG_INFO = NO;
				MTL_FAST_MATH = YES;
				SDKROOT = iphoneos;
				SWIFT_COMPILATION_MODE = wholemodule;
				SWIFT_OPTIMIZATION_LEVEL = "-O";
				VALIDATE_PRODUCT = YES;
			};
			name = Release;
		};
		158A4A772684763200D8C13B /* Debug */ = {
			isa = XCBuildConfiguration;
			buildSettings = {
				ASSETCATALOG_COMPILER_APPICON_NAME = AppIcon;
				ASSETCATALOG_COMPILER_GLOBAL_ACCENT_COLOR_NAME = AccentColor;
				CODE_SIGN_ENTITLEMENTS = Disco/DiscoDebug.entitlements;
				CODE_SIGN_STYLE = Automatic;
				DEVELOPMENT_TEAM = PRJSXETJJ7;
				INFOPLIST_FILE = Disco/Info.plist;
				LD_RUNPATH_SEARCH_PATHS = (
					"$(inherited)",
					"@executable_path/Frameworks",
				);
				PRODUCT_BUNDLE_IDENTIFIER = "com.skf.a-team.nfc-hackathon.Disco";
				PRODUCT_NAME = "$(TARGET_NAME)";
				SWIFT_VERSION = 5.0;
				TARGETED_DEVICE_FAMILY = "1,2";
			};
			name = Debug;
		};
		158A4A782684763200D8C13B /* Release */ = {
			isa = XCBuildConfiguration;
			buildSettings = {
				ASSETCATALOG_COMPILER_APPICON_NAME = AppIcon;
				ASSETCATALOG_COMPILER_GLOBAL_ACCENT_COLOR_NAME = AccentColor;
				CODE_SIGN_STYLE = Automatic;
				DEVELOPMENT_TEAM = PRJSXETJJ7;
				INFOPLIST_FILE = Disco/Info.plist;
				LD_RUNPATH_SEARCH_PATHS = (
					"$(inherited)",
					"@executable_path/Frameworks",
				);
				PRODUCT_BUNDLE_IDENTIFIER = "com.skf.a-team.nfc-hackathon.Disco";
				PRODUCT_NAME = "$(TARGET_NAME)";
				SWIFT_VERSION = 5.0;
				TARGETED_DEVICE_FAMILY = "1,2";
			};
			name = Release;
		};
/* End XCBuildConfiguration section */

/* Begin XCConfigurationList section */
		158A4A5D2684763100D8C13B /* Build configuration list for PBXProject "Disco" */ = {
			isa = XCConfigurationList;
			buildConfigurations = (
				158A4A742684763200D8C13B /* Debug */,
				158A4A752684763200D8C13B /* Release */,
			);
			defaultConfigurationIsVisible = 0;
			defaultConfigurationName = Release;
		};
		158A4A762684763200D8C13B /* Build configuration list for PBXNativeTarget "Disco" */ = {
			isa = XCConfigurationList;
			buildConfigurations = (
				158A4A772684763200D8C13B /* Debug */,
				158A4A782684763200D8C13B /* Release */,
			);
			defaultConfigurationIsVisible = 0;
			defaultConfigurationName = Release;
		};
/* End XCConfigurationList section */
	};
	rootObject = 158A4A5A2684763100D8C13B /* Project object */;
}
